GIT
  remote: git@github.com:knopki/ansible-hostname.git
  ref: master
  sha: d23851655c1a6b82745f36c745f610230c1b5cd6
  specs:
    hostname (0.0.0)

GIT
  remote: https://github.com/Oefenweb/ansible-apt.git
  ref: master
  sha: 42c2c3bf8b1172470a70d816186e95a82527a198
  specs:
    oefenweb.apt (0.0.0)

GIT
  remote: https://github.com/bennojoy/network_interface
  ref: master
  sha: 5e28199636d9b3386e4946559334b77ce5e8e35f
  specs:
    bennojoy.network_interface (0.0.0)

GIT
  remote: https://github.com/debops/ansible-apt
  ref: master
  sha: 81c81f293ff5949b19d4ea5aaf2d0afe04630b0e
  specs:
    debops.apt (0.0.0)

GIT
  remote: https://github.com/debops/ansible-apt_preferences
  ref: master
  sha: 8bcadeb92509b000303be165c9aabe6c3fd45224
  specs:
    debops.apt_preferences (0.0.0)

GIT
  remote: https://github.com/debops/ansible-etc_services
  ref: master
  sha: 1a25acd94f9f5b1b51d3f17e97737cff6d4916b7
  specs:
    debops.etc_services (0.0.0)

GIT
  remote: https://github.com/debops/ansible-ferm
  ref: master
  sha: a60829dab90debc66b59f411b74b4639d794a509
  specs:
    debops.ferm (0.0.0)

GIT
  remote: https://github.com/debops/ansible-mysql
  ref: master
  sha: cb66f65852be5a91fc71c408840ebca1b8c5b0bc
  specs:
    debops.mysql (0.0.0)

GIT
  remote: https://github.com/debops/ansible-nginx
  ref: master
  sha: 7917c2ab8766eaca3ee5fa7748de07cbc7b82a6d
  specs:
    debops.nginx (0.0.0)

GIT
  remote: https://github.com/debops/ansible-php5
  ref: master
  sha: cfa86ada833f940ff73b0254a32a6c278decfa18
  specs:
    debops.php5 (0.0.0)

GIT
  remote: https://github.com/debops/ansible-postgresql
  ref: master
  sha: d3ba26feb7e8278a079bd5e319d95709ddc0a0ea
  specs:
    debops.postgresql (0.0.0)

GIT
  remote: https://github.com/debops/ansible-secret
  ref: master
  sha: 66e0124bbd02ea4e844f9ae249f4624cf435299d
  specs:
    debops.secret (0.0.0)

GIT
  remote: https://github.com/debops/ansible-snmpd
  ref: master
  sha: d5124b72c82c1e60a8418e7c6a4eb76a2416f2ee
  specs:
    debops.snmpd (0.0.0)

GIT
  remote: https://github.com/debops/ansible-tcpwrappers
  ref: master
  sha: 221a0ea268df5cce76eb3c5a3c60846c92c7af17
  specs:
    debops.tcpwrappers (0.0.0)

GIT
  remote: https://github.com/max-b/ansible-collectd.git
  ref: maxb
  sha: 9614050b69d1448483a3e3e912d7c7507eda3623
  specs:
    maxb.collectd (0.0.0)

GIT
  remote: https://github.com/max-b/ansible-etherpad.git
  ref: master
  sha: 3410009eecf4c29109b65fb7deae6a15a020d7fc
  specs:
    debops.etherpad (0.0.0)

GIT
  remote: https://github.com/max-b/ansible-nodejs.git
  ref: maxb
  sha: d6be3df2a029d7ce34a84aed6b5f5a51da2d579f
  specs:
    debops.nodejs (0.0.0)

GIT
  remote: https://github.com/max-b/ansible-owncloud.git
  ref: maxb
  sha: e8ffe48718c26552280e5c7a65454ca73aa7e902
  specs:
    maxb.owncloud (0.0.0)

GIT
  remote: https://github.com/max-b/ansible-smokeping.git
  ref: maxb
  sha: 95f21119619c801a7abacb1a3e3d74ed1e5f6e31
  specs:
    maxb.smokeping (0.0.0)

GIT
  remote: https://github.com/max-b/debops-owncloud.git
  ref: master
  sha: 3a2c1efc4df0f0c681349f23bfbb8fc5a16f0063
  specs:
    debops.owncloud (0.0.0)

GIT
  remote: https://github.com/max-b/mysql.git
  ref: maxb
  sha: 3d304b606ca8de89e688906f61c2611ecf4b40ee
  specs:
    maxb.mysql (0.0.0)

GIT
  remote: https://github.com/nicolai86/ansible-buildbot
  ref: master
  sha: 8bdbfa5c36568ffa91da286d065867472558aa96
  specs:
    nicolai86.buildbot (0.0.0)

DEPENDENCIES
  bennojoy.network_interface (>= 0)
  debops.apt (>= 0)
  debops.apt_preferences (>= 0)
  debops.etc_services (>= 0)
  debops.etherpad (>= 0)
  debops.ferm (>= 0)
  debops.mysql (>= 0)
  debops.nginx (>= 0)
  debops.nodejs (>= 0)
  debops.owncloud (>= 0)
  debops.php5 (>= 0)
  debops.postgresql (>= 0)
  debops.secret (>= 0)
  debops.snmpd (>= 0)
  debops.tcpwrappers (>= 0)
  hostname (>= 0)
  maxb.collectd (>= 0)
  maxb.mysql (>= 0)
  maxb.owncloud (>= 0)
  maxb.smokeping (>= 0)
  nicolai86.buildbot (>= 0)
  oefenweb.apt (>= 0)

